PODS:
  - Alamofire (4.7.3)
  - Braintree/Card (4.20.2):
    - Braintree/Core
  - Braintree/Core (4.20.2)
  - Braintree/PaymentFlow (4.20.2):
    - Braintree/Card
    - Braintree/Core
    - Braintree/PayPalOneTouch
  - Braintree/PayPalDataCollector (4.20.2):
    - Braintree/Core
    - Braintree/PayPalUtils
  - Braintree/PayPalOneTouch (4.20.2):
    - Braintree/Core
    - Braintree/PayPalDataCollector
    - Braintree/PayPalUtils
  - Braintree/PayPalUtils (4.20.2)
  - Braintree/UnionPay (4.20.2):
    - Braintree/Card
    - Braintree/Core
  - BraintreeDropIn (6.5.0):
    - BraintreeDropIn/DropIn (= 6.5.0)
  - BraintreeDropIn/DropIn (6.5.0):
    - Braintree/Card (~> 4.17)
    - Braintree/Core (~> 4.17)
    - Braintree/PaymentFlow (~> 4.17)
    - Braintree/UnionPay (~> 4.17)
    - BraintreeDropIn/UIKit
  - BraintreeDropIn/UIKit (6.5.0)
  - Realm (3.11.2):
    - Realm/Headers (= 3.11.2)
  - Realm/Headers (3.11.2)
  - RealmSwift (3.11.2):
    - Realm (= 3.11.2)
  - SwiftyJSON (4.2.0)

DEPENDENCIES:
  - Alamofire
  - BraintreeDropIn
  - RealmSwift
  - SwiftyJSON

SPEC REPOS:
  https://github.com/cocoapods/specs.git:
    - Alamofire
    - Braintree
    - BraintreeDropIn
    - Realm
    - RealmSwift
    - SwiftyJSON

SPEC CHECKSUMS:
  Alamofire: c7287b6e5d7da964a70935e5db17046b7fde6568
  Braintree: 49cd0ea2ee8a87649fbc0b1e959963bc77464bf8
  BraintreeDropIn: e141f6c1b49f0e3dd68ca00ccf6bb3031cc5e164
  Realm: 864477d028db77f7c5a0cba64a4892ad53db128a
  RealmSwift: 12b8262fc08020b47de4fd88eb3d5c9425b34ec7
  SwiftyJSON: c4bcba26dd9ec7a027fc8eade48e2c911f229e96

PODFILE CHECKSUM: 7d498765a8bafcaa27cc353aecb33aac24c877d7

COCOAPODS: 1.5.3
